
Microsoft Visual Studio Solution File, Format Version 12.00
# Visual Studio 14
VisualStudioVersion = 14.0.25420.1
MinimumVisualStudioVersion = 10.0.40219.1
Project("{FAE04EC0-301F-11D3-BF4B-00C04F79EFBC}") = "XamStreamPlayer", "XamStreamPlayer\XamStreamPlayer\XamStreamPlayer.csproj", "{25920BB5-C9E5-4CBD-B473-9866BD302CAD}"
EndProject
Project("{FAE04EC0-301F-11D3-BF4B-00C04F79EFBC}") = "XamStreamPlayer.Droid", "XamStreamPlayer\XamStreamPlayer.Droid\XamStreamPlayer.Droid.csproj", "{1F3463BD-2F94-49A8-8A4C-3387A97BF287}"
EndProject
Project("{FAE04EC0-301F-11D3-BF4B-00C04F79EFBC}") = "XamStreamPlayer.iOS", "XamStreamPlayer\XamStreamPlayer.iOS\XamStreamPlayer.iOS.csproj", "{B4A12E34-3104-4672-818B-3CFBDD5CE266}"
EndProject
Global
	GlobalSection(SolutionConfigurationPlatforms) = preSolution
		Ad-Hoc|Any CPU = Ad-Hoc|Any CPU
		Ad-Hoc|ARM = Ad-Hoc|ARM
		Ad-Hoc|iPhone = Ad-Hoc|iPhone
		Ad-Hoc|iPhoneSimulator = Ad-Hoc|iPhoneSimulator
		Ad-Hoc|x64 = Ad-Hoc|x64
		Ad-Hoc|x86 = Ad-Hoc|x86
		AppStore|Any CPU = AppStore|Any CPU
		AppStore|ARM = AppStore|ARM
		AppStore|iPhone = AppStore|iPhone
		AppStore|iPhoneSimulator = AppStore|iPhoneSimulator
		AppStore|x64 = AppStore|x64
		AppStore|x86 = AppStore|x86
		Debug|Any CPU = Debug|Any CPU
		Debug|ARM = Debug|ARM
		Debug|iPhone = Debug|iPhone
		Debug|iPhoneSimulator = Debug|iPhoneSimulator
		Debug|x64 = Debug|x64
		Debug|x86 = Debug|x86
		Release|Any CPU = Release|Any CPU
		Release|ARM = Release|ARM
		Release|iPhone = Release|iPhone
		Release|iPhoneSimulator = Release|iPhoneSimulator
		Release|x64 = Release|x64
		Release|x86 = Release|x86
	EndGlobalSection
	GlobalSection(ProjectConfigurationPlatforms) = postSolution
		{25920BB5-C9E5-4CBD-B473-9866BD302CAD}.Ad-Hoc|Any CPU.ActiveCfg = Release|Any CPU
		{25920BB5-C9E5-4CBD-B473-9866BD302CAD}.Ad-Hoc|Any CPU.Build.0 = Release|Any CPU
		{25920BB5-C9E5-4CBD-B473-9866BD302CAD}.Ad-Hoc|ARM.ActiveCfg = Release|Any CPU
		{25920BB5-C9E5-4CBD-B473-9866BD302CAD}.Ad-Hoc|ARM.Build.0 = Release|Any CPU
		{25920BB5-C9E5-4CBD-B473-9866BD302CAD}.Ad-Hoc|iPhone.ActiveCfg = Release|Any CPU
		{25920BB5-C9E5-4CBD-B473-9866BD302CAD}.Ad-Hoc|iPhone.Build.0 = Release|Any CPU
		{25920BB5-C9E5-4CBD-B473-9866BD302CAD}.Ad-Hoc|iPhoneSimulator.ActiveCfg = Release|Any CPU
		{25920BB5-C9E5-4CBD-B473-9866BD302CAD}.Ad-Hoc|iPhoneSimulator.Build.0 = Release|Any CPU
		{25920BB5-C9E5-4CBD-B473-9866BD302CAD}.Ad-Hoc|x64.ActiveCfg = Release|Any CPU
		{25920BB5-C9E5-4CBD-B473-9866BD302CAD}.Ad-Hoc|x64.Build.0 = Release|Any CPU
		{25920BB5-C9E5-4CBD-B473-9866BD302CAD}.Ad-Hoc|x86.ActiveCfg = Release|Any CPU
		{25920BB5-C9E5-4CBD-B473-9866BD302CAD}.Ad-Hoc|x86.Build.0 = Release|Any CPU
		{25920BB5-C9E5-4CBD-B473-9866BD302CAD}.AppStore|Any CPU.ActiveCfg = Release|Any CPU
		{25920BB5-C9E5-4CBD-B473-9866BD302CAD}.AppStore|Any CPU.Build.0 = Release|Any CPU
		{25920BB5-C9E5-4CBD-B473-9866BD302CAD}.AppStore|ARM.ActiveCfg = Release|Any CPU
		{25920BB5-C9E5-4CBD-B473-9866BD302CAD}.AppStore|ARM.Build.0 = Release|Any CPU
		{25920BB5-C9E5-4CBD-B473-9866BD302CAD}.AppStore|iPhone.ActiveCfg = Release|Any CPU
		{25920BB5-C9E5-4CBD-B473-9866BD302CAD}.AppStore|iPhone.Build.0 = Release|Any CPU
		{25920BB5-C9E5-4CBD-B473-9866BD302CAD}.AppStore|iPhoneSimulator.ActiveCfg = Release|Any CPU
		{25920BB5-C9E5-4CBD-B473-9866BD302CAD}.AppStore|iPhoneSimulator.Build.0 = Release|Any CPU
		{25920BB5-C9E5-4CBD-B473-9866BD302CAD}.AppStore|x64.ActiveCfg = Release|Any CPU
		{25920BB5-C9E5-4CBD-B473-9866BD302CAD}.AppStore|x64.Build.0 = Release|Any CPU
		{25920BB5-C9E5-4CBD-B473-9866BD302CAD}.AppStore|x86.ActiveCfg = Release|Any CPU
		{25920BB5-C9E5-4CBD-B473-9866BD302CAD}.AppStore|x86.Build.0 = Release|Any CPU
		{25920BB5-C9E5-4CBD-B473-9866BD302CAD}.Debug|Any CPU.ActiveCfg = Debug|Any CPU
		{25920BB5-C9E5-4CBD-B473-9866BD302CAD}.Debug|Any CPU.Build.0 = Debug|Any CPU
		{25920BB5-C9E5-4CBD-B473-9866BD302CAD}.Debug|ARM.ActiveCfg = Debug|Any CPU
		{25920BB5-C9E5-4CBD-B473-9866BD302CAD}.Debug|ARM.Build.0 = Debug|Any CPU
		{25920BB5-C9E5-4CBD-B473-9866BD302CAD}.Debug|iPhone.ActiveCfg = Debug|Any CPU
		{25920BB5-C9E5-4CBD-B473-9866BD302CAD}.Debug|iPhone.Build.0 = Debug|Any CPU
		{25920BB5-C9E5-4CBD-B473-9866BD302CAD}.Debug|iPhoneSimulator.ActiveCfg = Debug|Any CPU
		{25920BB5-C9E5-4CBD-B473-9866BD302CAD}.Debug|iPhoneSimulator.Build.0 = Debug|Any CPU
		{25920BB5-C9E5-4CBD-B473-9866BD302CAD}.Debug|x64.ActiveCfg = Debug|Any CPU
		{25920BB5-C9E5-4CBD-B473-9866BD302CAD}.Debug|x64.Build.0 = Debug|Any CPU
		{25920BB5-C9E5-4CBD-B473-9866BD302CAD}.Debug|x86.ActiveCfg = Debug|Any CPU
		{25920BB5-C9E5-4CBD-B473-9866BD302CAD}.Debug|x86.Build.0 = Debug|Any CPU
		{25920BB5-C9E5-4CBD-B473-9866BD302CAD}.Release|Any CPU.ActiveCfg = Release|Any CPU
		{25920BB5-C9E5-4CBD-B473-9866BD302CAD}.Release|Any CPU.Build.0 = Release|Any CPU
		{25920BB5-C9E5-4CBD-B473-9866BD302CAD}.Release|ARM.ActiveCfg = Release|Any CPU
		{25920BB5-C9E5-4CBD-B473-9866BD302CAD}.Release|ARM.Build.0 = Release|Any CPU
		{25920BB5-C9E5-4CBD-B473-9866BD302CAD}.Release|iPhone.ActiveCfg = Release|Any CPU
		{25920BB5-C9E5-4CBD-B473-9866BD302CAD}.Release|iPhone.Build.0 = Release|Any CPU
		{25920BB5-C9E5-4CBD-B473-9866BD302CAD}.Release|iPhoneSimulator.ActiveCfg = Release|Any CPU
		{25920BB5-C9E5-4CBD-B473-9866BD302CAD}.Release|iPhoneSimulator.Build.0 = Release|Any CPU
		{25920BB5-C9E5-4CBD-B473-9866BD302CAD}.Release|x64.ActiveCfg = Release|Any CPU
		{25920BB5-C9E5-4CBD-B473-9866BD302CAD}.Release|x64.Build.0 = Release|Any CPU
		{25920BB5-C9E5-4CBD-B473-9866BD302CAD}.Release|x86.ActiveCfg = Release|Any CPU
		{25920BB5-C9E5-4CBD-B473-9866BD302CAD}.Release|x86.Build.0 = Release|Any CPU
		{1F3463BD-2F94-49A8-8A4C-3387A97BF287}.Ad-Hoc|Any CPU.ActiveCfg = Release|Any CPU
		{1F3463BD-2F94-49A8-8A4C-3387A97BF287}.Ad-Hoc|Any CPU.Build.0 = Release|Any CPU
		{1F3463BD-2F94-49A8-8A4C-3387A97BF287}.Ad-Hoc|Any CPU.Deploy.0 = Release|Any CPU
		{1F3463BD-2F94-49A8-8A4C-3387A97BF287}.Ad-Hoc|ARM.ActiveCfg = Release|Any CPU
		{1F3463BD-2F94-49A8-8A4C-3387A97BF287}.Ad-Hoc|ARM.Build.0 = Release|Any CPU
		{1F3463BD-2F94-49A8-8A4C-3387A97BF287}.Ad-Hoc|ARM.Deploy.0 = Release|Any CPU
		{1F3463BD-2F94-49A8-8A4C-3387A97BF287}.Ad-Hoc|iPhone.ActiveCfg = Release|Any CPU
		{1F3463BD-2F94-49A8-8A4C-3387A97BF287}.Ad-Hoc|iPhone.Build.0 = Release|Any CPU
		{1F3463BD-2F94-49A8-8A4C-3387A97BF287}.Ad-Hoc|iPhone.Deploy.0 = Release|Any CPU
		{1F3463BD-2F94-49A8-8A4C-3387A97BF287}.Ad-Hoc|iPhoneSimulator.ActiveCfg = Release|Any CPU
		{1F3463BD-2F94-49A8-8A4C-3387A97BF287}.Ad-Hoc|iPhoneSimulator.Build.0 = Release|Any CPU
		{1F3463BD-2F94-49A8-8A4C-3387A97BF287}.Ad-Hoc|iPhoneSimulator.Deploy.0 = Release|Any CPU
		{1F3463BD-2F94-49A8-8A4C-3387A97BF287}.Ad-Hoc|x64.ActiveCfg = Release|Any CPU
		{1F3463BD-2F94-49A8-8A4C-3387A97BF287}.Ad-Hoc|x64.Build.0 = Release|Any CPU
		{1F3463BD-2F94-49A8-8A4C-3387A97BF287}.Ad-Hoc|x64.Deploy.0 = Release|Any CPU
		{1F3463BD-2F94-49A8-8A4C-3387A97BF287}.Ad-Hoc|x86.ActiveCfg = Release|Any CPU
		{1F3463BD-2F94-49A8-8A4C-3387A97BF287}.Ad-Hoc|x86.Build.0 = Release|Any CPU
		{1F3463BD-2F94-49A8-8A4C-3387A97BF287}.Ad-Hoc|x86.Deploy.0 = Release|Any CPU
		{1F3463BD-2F94-49A8-8A4C-3387A97BF287}.AppStore|Any CPU.ActiveCfg = Release|Any CPU
		{1F3463BD-2F94-49A8-8A4C-3387A97BF287}.AppStore|Any CPU.Build.0 = Release|Any CPU
		{1F3463BD-2F94-49A8-8A4C-3387A97BF287}.AppStore|Any CPU.Deploy.0 = Release|Any CPU
		{1F3463BD-2F94-49A8-8A4C-3387A97BF287}.AppStore|ARM.ActiveCfg = Release|Any CPU
		{1F3463BD-2F94-49A8-8A4C-3387A97BF287}.AppStore|ARM.Build.0 = Release|Any CPU
		{1F3463BD-2F94-49A8-8A4C-3387A97BF287}.AppStore|ARM.Deploy.0 = Release|Any CPU
		{1F3463BD-2F94-49A8-8A4C-3387A97BF287}.AppStore|iPhone.ActiveCfg = Release|Any CPU
		{1F3463BD-2F94-49A8-8A4C-3387A97BF287}.AppStore|iPhone.Build.0 = Release|Any CPU
		{1F3463BD-2F94-49A8-8A4C-3387A97BF287}.AppStore|iPhone.Deploy.0 = Release|Any CPU
		{1F3463BD-2F94-49A8-8A4C-3387A97BF287}.AppStore|iPhoneSimulator.ActiveCfg = Release|Any CPU
		{1F3463BD-2F94-49A8-8A4C-3387A97BF287}.AppStore|iPhoneSimulator.Build.0 = Release|Any CPU
		{1F3463BD-2F94-49A8-8A4C-3387A97BF287}.AppStore|iPhoneSimulator.Deploy.0 = Release|Any CPU
		{1F3463BD-2F94-49A8-8A4C-3387A97BF287}.AppStore|x64.ActiveCfg = Release|Any CPU
		{1F3463BD-2F94-49A8-8A4C-3387A97BF287}.AppStore|x64.Build.0 = Release|Any CPU
		{1F3463BD-2F94-49A8-8A4C-3387A97BF287}.AppStore|x64.Deploy.0 = Release|Any CPU
		{1F3463BD-2F94-49A8-8A4C-3387A97BF287}.AppStore|x86.ActiveCfg = Release|Any CPU
		{1F3463BD-2F94-49A8-8A4C-3387A97BF287}.AppStore|x86.Build.0 = Release|Any CPU
		{1F3463BD-2F94-49A8-8A4C-3387A97BF287}.AppStore|x86.Deploy.0 = Release|Any CPU
		{1F3463BD-2F94-49A8-8A4C-3387A97BF287}.Debug|Any CPU.ActiveCfg = Debug|Any CPU
		{1F3463BD-2F94-49A8-8A4C-3387A97BF287}.Debug|Any CPU.Build.0 = Debug|Any CPU
		{1F3463BD-2F94-49A8-8A4C-3387A97BF287}.Debug|Any CPU.Deploy.0 = Debug|Any CPU
		{1F3463BD-2F94-49A8-8A4C-3387A97BF287}.Debug|ARM.ActiveCfg = Debug|Any CPU
		{1F3463BD-2F94-49A8-8A4C-3387A97BF287}.Debug|ARM.Build.0 = Debug|Any CPU
		{1F3463BD-2F94-49A8-8A4C-3387A97BF287}.Debug|ARM.Deploy.0 = Debug|Any CPU
		{1F3463BD-2F94-49A8-8A4C-3387A97BF287}.Debug|iPhone.ActiveCfg = Debug|Any CPU
		{1F3463BD-2F94-49A8-8A4C-3387A97BF287}.Debug|iPhone.Build.0 = Debug|Any CPU
		{1F3463BD-2F94-49A8-8A4C-3387A97BF287}.Debug|iPhone.Deploy.0 = Debug|Any CPU
		{1F3463BD-2F94-49A8-8A4C-3387A97BF287}.Debug|iPhoneSimulator.ActiveCfg = Debug|Any CPU
		{1F3463BD-2F94-49A8-8A4C-3387A97BF287}.Debug|iPhoneSimulator.Build.0 = Debug|Any CPU
		{1F3463BD-2F94-49A8-8A4C-3387A97BF287}.Debug|iPhoneSimulator.Deploy.0 = Debug|Any CPU
		{1F3463BD-2F94-49A8-8A4C-3387A97BF287}.Debug|x64.ActiveCfg = Debug|Any CPU
		{1F3463BD-2F94-49A8-8A4C-3387A97BF287}.Debug|x64.Build.0 = Debug|Any CPU
		{1F3463BD-2F94-49A8-8A4C-3387A97BF287}.Debug|x64.Deploy.0 = Debug|Any CPU
		{1F3463BD-2F94-49A8-8A4C-3387A97BF287}.Debug|x86.ActiveCfg = Debug|Any CPU
		{1F3463BD-2F94-49A8-8A4C-3387A97BF287}.Debug|x86.Build.0 = Debug|Any CPU
		{1F3463BD-2F94-49A8-8A4C-3387A97BF287}.Debug|x86.Deploy.0 = Debug|Any CPU
		{1F3463BD-2F94-49A8-8A4C-3387A97BF287}.Release|Any CPU.ActiveCfg = Release|Any CPU
		{1F3463BD-2F94-49A8-8A4C-3387A97BF287}.Release|Any CPU.Build.0 = Release|Any CPU
		{1F3463BD-2F94-49A8-8A4C-3387A97BF287}.Release|Any CPU.Deploy.0 = Release|Any CPU
		{1F3463BD-2F94-49A8-8A4C-3387A97BF287}.Release|ARM.ActiveCfg = Release|Any CPU
		{1F3463BD-2F94-49A8-8A4C-3387A97BF287}.Release|ARM.Build.0 = Release|Any CPU
		{1F3463BD-2F94-49A8-8A4C-3387A97BF287}.Release|ARM.Deploy.0 = Release|Any CPU
		{1F3463BD-2F94-49A8-8A4C-3387A97BF287}.Release|iPhone.ActiveCfg = Release|Any CPU
		{1F3463BD-2F94-49A8-8A4C-3387A97BF287}.Release|iPhone.Build.0 = Release|Any CPU
		{1F3463BD-2F94-49A8-8A4C-3387A97BF287}.Release|iPhone.Deploy.0 = Release|Any CPU
		{1F3463BD-2F94-49A8-8A4C-3387A97BF287}.Release|iPhoneSimulator.ActiveCfg = Release|Any CPU
		{1F3463BD-2F94-49A8-8A4C-3387A97BF287}.Release|iPhoneSimulator.Build.0 = Release|Any CPU
		{1F3463BD-2F94-49A8-8A4C-3387A97BF287}.Release|iPhoneSimulator.Deploy.0 = Release|Any CPU
		{1F3463BD-2F94-49A8-8A4C-3387A97BF287}.Release|x64.ActiveCfg = Release|Any CPU
		{1F3463BD-2F94-49A8-8A4C-3387A97BF287}.Release|x64.Build.0 = Release|Any CPU
		{1F3463BD-2F94-49A8-8A4C-3387A97BF287}.Release|x64.Deploy.0 = Release|Any CPU
		{1F3463BD-2F94-49A8-8A4C-3387A97BF287}.Release|x86.ActiveCfg = Release|Any CPU
		{1F3463BD-2F94-49A8-8A4C-3387A97BF287}.Release|x86.Build.0 = Release|Any CPU
		{1F3463BD-2F94-49A8-8A4C-3387A97BF287}.Release|x86.Deploy.0 = Release|Any CPU
		{B4A12E34-3104-4672-818B-3CFBDD5CE266}.Ad-Hoc|Any CPU.ActiveCfg = Ad-Hoc|iPhone
		{B4A12E34-3104-4672-818B-3CFBDD5CE266}.Ad-Hoc|ARM.ActiveCfg = Ad-Hoc|iPhone
		{B4A12E34-3104-4672-818B-3CFBDD5CE266}.Ad-Hoc|iPhone.ActiveCfg = Ad-Hoc|iPhone
		{B4A12E34-3104-4672-818B-3CFBDD5CE266}.Ad-Hoc|iPhone.Build.0 = Ad-Hoc|iPhone
		{B4A12E34-3104-4672-818B-3CFBDD5CE266}.Ad-Hoc|iPhoneSimulator.ActiveCfg = Ad-Hoc|iPhoneSimulator
		{B4A12E34-3104-4672-818B-3CFBDD5CE266}.Ad-Hoc|iPhoneSimulator.Build.0 = Ad-Hoc|iPhoneSimulator
		{B4A12E34-3104-4672-818B-3CFBDD5CE266}.Ad-Hoc|x64.ActiveCfg = Ad-Hoc|iPhone
		{B4A12E34-3104-4672-818B-3CFBDD5CE266}.Ad-Hoc|x86.ActiveCfg = Ad-Hoc|iPhone
		{B4A12E34-3104-4672-818B-3CFBDD5CE266}.AppStore|Any CPU.ActiveCfg = AppStore|iPhone
		{B4A12E34-3104-4672-818B-3CFBDD5CE266}.AppStore|ARM.ActiveCfg = AppStore|iPhone
		{B4A12E34-3104-4672-818B-3CFBDD5CE266}.AppStore|iPhone.ActiveCfg = AppStore|iPhone
		{B4A12E34-3104-4672-818B-3CFBDD5CE266}.AppStore|iPhone.Build.0 = AppStore|iPhone
		{B4A12E34-3104-4672-818B-3CFBDD5CE266}.AppStore|iPhoneSimulator.ActiveCfg = AppStore|iPhoneSimulator
		{B4A12E34-3104-4672-818B-3CFBDD5CE266}.AppStore|iPhoneSimulator.Build.0 = AppStore|iPhoneSimulator
		{B4A12E34-3104-4672-818B-3CFBDD5CE266}.AppStore|x64.ActiveCfg = AppStore|iPhone
		{B4A12E34-3104-4672-818B-3CFBDD5CE266}.AppStore|x86.ActiveCfg = AppStore|iPhone
		{B4A12E34-3104-4672-818B-3CFBDD5CE266}.Debug|Any CPU.ActiveCfg = Debug|iPhone
		{B4A12E34-3104-4672-818B-3CFBDD5CE266}.Debug|ARM.ActiveCfg = Debug|iPhone
		{B4A12E34-3104-4672-818B-3CFBDD5CE266}.Debug|iPhone.ActiveCfg = Debug|iPhone
		{B4A12E34-3104-4672-818B-3CFBDD5CE266}.Debug|iPhone.Build.0 = Debug|iPhone
		{B4A12E34-3104-4672-818B-3CFBDD5CE266}.Debug|iPhoneSimulator.ActiveCfg = Debug|iPhoneSimulator
		{B4A12E34-3104-4672-818B-3CFBDD5CE266}.Debug|iPhoneSimulator.Build.0 = Debug|iPhoneSimulator
		{B4A12E34-3104-4672-818B-3CFBDD5CE266}.Debug|x64.ActiveCfg = Debug|iPhone
		{B4A12E34-3104-4672-818B-3CFBDD5CE266}.Debug|x86.ActiveCfg = Debug|iPhone
		{B4A12E34-3104-4672-818B-3CFBDD5CE266}.Release|Any CPU.ActiveCfg = Release|iPhone
		{B4A12E34-3104-4672-818B-3CFBDD5CE266}.Release|ARM.ActiveCfg = Release|iPhone
		{B4A12E34-3104-4672-818B-3CFBDD5CE266}.Release|iPhone.ActiveCfg = Release|iPhone
		{B4A12E34-3104-4672-818B-3CFBDD5CE266}.Release|iPhone.Build.0 = Release|iPhone
		{B4A12E34-3104-4672-818B-3CFBDD5CE266}.Release|iPhoneSimulator.ActiveCfg = Release|iPhoneSimulator
		{B4A12E34-3104-4672-818B-3CFBDD5CE266}.Release|iPhoneSimulator.Build.0 = Release|iPhoneSimulator
		{B4A12E34-3104-4672-818B-3CFBDD5CE266}.Release|x64.ActiveCfg = Release|iPhone
		{B4A12E34-3104-4672-818B-3CFBDD5CE266}.Release|x86.ActiveCfg = Release|iPhone
	EndGlobalSection
	GlobalSection(SolutionProperties) = preSolution
		HideSolutionNode = FALSE
	EndGlobalSection
EndGlobal
