
Microsoft Visual Studio Solution File, Format Version 12.00
# Visual Studio 14
VisualStudioVersion = 14.0.25420.1
MinimumVisualStudioVersion = 10.0.40219.1
Project("{2150E333-8FDC-42A3-9474-1A3956D46DE8}") = "src", "src", "{DF61CCB5-CBE0-452C-A4D9-8130880CFB5E}"
EndProject
Project("{2150E333-8FDC-42A3-9474-1A3956D46DE8}") = "Solution Items", "Solution Items", "{6F19DBFA-D58A-4F05-9400-7DAEC534562E}"
	ProjectSection(SolutionItems) = preProject
		global.json = global.json
	EndProjectSection
EndProject
Project("{8BB2217D-0F2D-49D1-97BC-3654ED321F3B}") = "DotNetCoreApp", "src\DotNetCoreApp\DotNetCoreApp.xproj", "{C3E46F20-0488-40D5-8597-E584378AD077}"
EndProject
Global
	GlobalSection(SolutionConfigurationPlatforms) = preSolution
		Debug|Any CPU = Debug|Any CPU
		Release|Any CPU = Release|Any CPU
	EndGlobalSection
	GlobalSection(ProjectConfigurationPlatforms) = postSolution
		{C3E46F20-0488-40D5-8597-E584378AD077}.Debug|Any CPU.ActiveCfg = Debug|Any CPU
		{C3E46F20-0488-40D5-8597-E584378AD077}.Debug|Any CPU.Build.0 = Debug|Any CPU
		{C3E46F20-0488-40D5-8597-E584378AD077}.Release|Any CPU.ActiveCfg = Release|Any CPU
		{C3E46F20-0488-40D5-8597-E584378AD077}.Release|Any CPU.Build.0 = Release|Any CPU
	EndGlobalSection
	GlobalSection(SolutionProperties) = preSolution
		HideSolutionNode = FALSE
	EndGlobalSection
	GlobalSection(NestedProjects) = preSolution
		{C3E46F20-0488-40D5-8597-E584378AD077} = {DF61CCB5-CBE0-452C-A4D9-8130880CFB5E}
	EndGlobalSection
EndGlobal
